
Microsoft Visual Studio Solution File, Format Version 12.00
# Visual Studio Version 16
VisualStudioVersion = 16.0.31313.79
MinimumVisualStudioVersion = 10.0.40219.1
Project("{9A19103F-16F7-4668-BE54-9A1E7A4F7556}") = "DependencyInjection", "DependencyInjection\DependencyInjection.csproj", "{410916B2-9264-4577-B469-01F16E630360}"
EndProject
Project("{9A19103F-16F7-4668-BE54-9A1E7A4F7556}") = "DependencyInjectionServices", "DependencyInjectionServices\DependencyInjectionServices.csproj", "{DC81BED0-8261-46C7-91B5-B600081E9FEE}"
EndProject
Project("{FAE04EC0-301F-11D3-BF4B-00C04F79EFBC}") = "DIViews", "DIViews\DIViews.csproj", "{6B78E545-1EAF-4DC9-B380-4FA12093E2DF}"
EndProject
Global
	GlobalSection(SolutionConfigurationPlatforms) = preSolution
		Debug|Any CPU = Debug|Any CPU
		Release|Any CPU = Release|Any CPU
	EndGlobalSection
	GlobalSection(ProjectConfigurationPlatforms) = postSolution
		{410916B2-9264-4577-B469-01F16E630360}.Debug|Any CPU.ActiveCfg = Debug|Any CPU
		{410916B2-9264-4577-B469-01F16E630360}.Debug|Any CPU.Build.0 = Debug|Any CPU
		{410916B2-9264-4577-B469-01F16E630360}.Release|Any CPU.ActiveCfg = Release|Any CPU
		{410916B2-9264-4577-B469-01F16E630360}.Release|Any CPU.Build.0 = Release|Any CPU
		{DC81BED0-8261-46C7-91B5-B600081E9FEE}.Debug|Any CPU.ActiveCfg = Debug|Any CPU
		{DC81BED0-8261-46C7-91B5-B600081E9FEE}.Debug|Any CPU.Build.0 = Debug|Any CPU
		{DC81BED0-8261-46C7-91B5-B600081E9FEE}.Release|Any CPU.ActiveCfg = Release|Any CPU
		{DC81BED0-8261-46C7-91B5-B600081E9FEE}.Release|Any CPU.Build.0 = Release|Any CPU
		{6B78E545-1EAF-4DC9-B380-4FA12093E2DF}.Debug|Any CPU.ActiveCfg = Debug|Any CPU
		{6B78E545-1EAF-4DC9-B380-4FA12093E2DF}.Debug|Any CPU.Build.0 = Debug|Any CPU
		{6B78E545-1EAF-4DC9-B380-4FA12093E2DF}.Release|Any CPU.ActiveCfg = Release|Any CPU
		{6B78E545-1EAF-4DC9-B380-4FA12093E2DF}.Release|Any CPU.Build.0 = Release|Any CPU
	EndGlobalSection
	GlobalSection(SolutionProperties) = preSolution
		HideSolutionNode = FALSE
	EndGlobalSection
	GlobalSection(ExtensibilityGlobals) = postSolution
		SolutionGuid = {7A02A65E-A53C-4715-AF21-ECF00AE28D59}
	EndGlobalSection
EndGlobal
